
Microsoft Visual Studio Solution File, Format Version 12.00
# Visual Studio Version 17
VisualStudioVersion = 17.5.33516.290
MinimumVisualStudioVersion = 10.0.40219.1
Project("{9A19103F-16F7-4668-BE54-9A1E7A4F7556}") = "LokalnieEU", "LokalnieEU\LokalnieEU.csproj", "{1B8F88D8-3CD6-4FE7-806A-A510AC297979}"
EndProject
Project("{2150E333-8FDC-42A3-9474-1A3956D46DE8}") = "Solution Items", "Solution Items", "{B5509AFF-F545-4E94-B227-76166D9F71C8}"
	ProjectSection(SolutionItems) = preProject
		.editorconfig = .editorconfig
	EndProjectSection
EndProject
Global
	GlobalSection(SolutionConfigurationPlatforms) = preSolution
		Debug|Any CPU = Debug|Any CPU
		Release|Any CPU = Release|Any CPU
	EndGlobalSection
	GlobalSection(ProjectConfigurationPlatforms) = postSolution
		{1B8F88D8-3CD6-4FE7-806A-A510AC297979}.Debug|Any CPU.ActiveCfg = Debug|Any CPU
		{1B8F88D8-3CD6-4FE7-806A-A510AC297979}.Debug|Any CPU.Build.0 = Debug|Any CPU
		{1B8F88D8-3CD6-4FE7-806A-A510AC297979}.Release|Any CPU.ActiveCfg = Release|Any CPU
		{1B8F88D8-3CD6-4FE7-806A-A510AC297979}.Release|Any CPU.Build.0 = Release|Any CPU
	EndGlobalSection
	GlobalSection(SolutionProperties) = preSolution
		HideSolutionNode = FALSE
	EndGlobalSection
	GlobalSection(ExtensibilityGlobals) = postSolution
		SolutionGuid = {B9C9F809-67D0-4B01-977D-297466408C7D}
	EndGlobalSection
EndGlobal
